{
    "name": "simplified-express",
    "version": "1.0.0",
    "lockfileVersion": 3,
    "requires": true,
    "packages": {
        "": {
            "name": "simplified-express",
            "version": "1.0.0",
            "license": "BSD-2-Clause",
            "dependencies": {
                "path-to-regex": "^1.3.8"
            }
        },
        "node_modules/path-to-regex": {
            "version": "1.3.8",
            "resolved": "https://registry.npmmirror.com/path-to-regex/-/path-to-regex-1.3.8.tgz",
            "integrity": "sha512-LKzBjGETV/O+7naBRwthW8OMD7ztjmbZcNnf0pl0H21/1eIil5I4ByERzuGhSr7SNQxxVbynA7K4MxSGM7LSpg==",
            "license": "MIT",
            "engines": {
                "node": ">=10.11.0"
            }
        }
    }
}
